
Microsoft Visual Studio Solution File, Format Version 12.00
# Visual Studio Version 17
VisualStudioVersion = 17.8.34322.80
MinimumVisualStudioVersion = 10.0.40219.1
Project("{FAE04EC0-301F-11D3-BF4B-00C04F79EFBC}") = "KartaView", "KartaView\KartaView.csproj", "{132A40A0-80D2-4CCA-873B-52852E8358A4}"
EndProject
Project("{FAE04EC0-301F-11D3-BF4B-00C04F79EFBC}") = "KartaViewSharp", "KartaViewSharp\KartaViewSharp.csproj", "{DCFEA1BE-6180-4FFB-A2B3-AF79137DDD73}"
EndProject
Global
	GlobalSection(SolutionConfigurationPlatforms) = preSolution
		Debug|Any CPU = Debug|Any CPU
		Release|Any CPU = Release|Any CPU
	EndGlobalSection
	GlobalSection(ProjectConfigurationPlatforms) = postSolution
		{132A40A0-80D2-4CCA-873B-52852E8358A4}.Debug|Any CPU.ActiveCfg = Debug|Any CPU
		{132A40A0-80D2-4CCA-873B-52852E8358A4}.Debug|Any CPU.Build.0 = Debug|Any CPU
		{132A40A0-80D2-4CCA-873B-52852E8358A4}.Release|Any CPU.ActiveCfg = Release|Any CPU
		{132A40A0-80D2-4CCA-873B-52852E8358A4}.Release|Any CPU.Build.0 = Release|Any CPU
		{DCFEA1BE-6180-4FFB-A2B3-AF79137DDD73}.Debug|Any CPU.ActiveCfg = Debug|Any CPU
		{DCFEA1BE-6180-4FFB-A2B3-AF79137DDD73}.Debug|Any CPU.Build.0 = Debug|Any CPU
		{DCFEA1BE-6180-4FFB-A2B3-AF79137DDD73}.Release|Any CPU.ActiveCfg = Release|Any CPU
		{DCFEA1BE-6180-4FFB-A2B3-AF79137DDD73}.Release|Any CPU.Build.0 = Release|Any CPU
	EndGlobalSection
	GlobalSection(SolutionProperties) = preSolution
		HideSolutionNode = FALSE
	EndGlobalSection
	GlobalSection(ExtensibilityGlobals) = postSolution
		SolutionGuid = {174CAC40-B561-4A76-A9F1-C5351CDE75AF}
	EndGlobalSection
EndGlobal
